
Microsoft Visual Studio Solution File, Format Version 12.00
# Visual Studio Version 17
VisualStudioVersion = 17.3.32929.385
MinimumVisualStudioVersion = 10.0.40219.1
Project("{FAE04EC0-301F-11D3-BF4B-00C04F79EFBC}") = "Baciu_Sebastian_Lab6", "Baciu_Sebastian_Lab6\Baciu_Sebastian_Lab6.csproj", "{52B71BFC-CF2A-41F6-A03B-B79651902919}"
EndProject
Global
	GlobalSection(SolutionConfigurationPlatforms) = preSolution
		Debug|Any CPU = Debug|Any CPU
		Release|Any CPU = Release|Any CPU
	EndGlobalSection
	GlobalSection(ProjectConfigurationPlatforms) = postSolution
		{52B71BFC-CF2A-41F6-A03B-B79651902919}.Debug|Any CPU.ActiveCfg = Debug|Any CPU
		{52B71BFC-CF2A-41F6-A03B-B79651902919}.Debug|Any CPU.Build.0 = Debug|Any CPU
		{52B71BFC-CF2A-41F6-A03B-B79651902919}.Release|Any CPU.ActiveCfg = Release|Any CPU
		{52B71BFC-CF2A-41F6-A03B-B79651902919}.Release|Any CPU.Build.0 = Release|Any CPU
	EndGlobalSection
	GlobalSection(SolutionProperties) = preSolution
		HideSolutionNode = FALSE
	EndGlobalSection
	GlobalSection(ExtensibilityGlobals) = postSolution
		SolutionGuid = {CE24D6DC-445A-4392-A4F0-842A63A29FC2}
	EndGlobalSection
EndGlobal
